
Microsoft Visual Studio Solution File, Format Version 12.00
# Visual Studio Version 17
VisualStudioVersion = 17.0.31903.59
MinimumVisualStudioVersion = 10.0.40219.1
Project("{2150E333-8FDC-42A3-9474-1A3956D46DE8}") = "src", "src", "{827E0CD3-B72D-47B6-A68D-7590B98EB39B}"
EndProject
Project("{2150E333-8FDC-42A3-9474-1A3956D46DE8}") = "ClienteService", "ClienteService", "{188731C3-E882-EC26-0029-2E4E9EDE3E85}"
EndProject
Project("{FAE04EC0-301F-11D3-BF4B-00C04F79EFBC}") = "ClienteService.Api", "src\ClienteService\ClienteService.Api\ClienteService.Api.csproj", "{E9AA78FF-1383-4DA2-B5E7-773AC470A004}"
EndProject
Project("{FAE04EC0-301F-11D3-BF4B-00C04F79EFBC}") = "ClienteService.Application", "src\ClienteService\ClienteService.Application\ClienteService.Application.csproj", "{E56A36C3-050D-4AF9-B606-CD971BA27BD8}"
EndProject
Project("{FAE04EC0-301F-11D3-BF4B-00C04F79EFBC}") = "ClienteService.Domain", "src\ClienteService\ClienteService.Domain\ClienteService.Domain.csproj", "{1EF8DE9F-6ED5-40A0-8ACC-AC78257DE6FF}"
EndProject
Project("{FAE04EC0-301F-11D3-BF4B-00C04F79EFBC}") = "ClienteService.Infrastructure", "src\ClienteService\ClienteService.Infrastructure\ClienteService.Infrastructure.csproj", "{0E3C747C-FAB6-4172-8430-EF63887985D0}"
EndProject
Project("{FAE04EC0-301F-11D3-BF4B-00C04F79EFBC}") = "CuentaMovimientoService.Api", "src\CuentaMovimientoService\CuentaMovimientoService.Api\CuentaMovimientoService.Api.csproj", "{42294D5C-80E8-4084-8DA7-733E521CCBA6}"
EndProject
Project("{FAE04EC0-301F-11D3-BF4B-00C04F79EFBC}") = "CuentaMovimientoService.Application", "src\CuentaMovimientoService\CuentaMovimientoService.Application\CuentaMovimientoService.Application.csproj", "{C29B5591-0CA4-444A-97B1-E0005694953F}"
EndProject
Project("{FAE04EC0-301F-11D3-BF4B-00C04F79EFBC}") = "CuentaMovimientoService.Domain", "src\CuentaMovimientoService\CuentaMovimientoService.Domain\CuentaMovimientoService.Domain.csproj", "{E10A6F9C-0F74-4A59-BCBF-E40A6BB8D91C}"
EndProject
Project("{FAE04EC0-301F-11D3-BF4B-00C04F79EFBC}") = "CuentaMovimientoService.Infrastructure", "src\CuentaMovimientoService\CuentaMovimientoService.Infrastructure\CuentaMovimientoService.Infrastructure.csproj", "{5D5A2781-7477-4821-8FF9-226A46BD84F4}"
EndProject
Project("{2150E333-8FDC-42A3-9474-1A3956D46DE8}") = "tests", "tests", "{0AB3BF05-4346-4AA6-1389-037BE0695223}"
EndProject
Project("{FAE04EC0-301F-11D3-BF4B-00C04F79EFBC}") = "ClienteService.UnitTests", "tests\ClienteService.UnitTests\ClienteService.UnitTests.csproj", "{9886DDC0-4CF4-4873-A854-32FAA717CA34}"
EndProject
Project("{FAE04EC0-301F-11D3-BF4B-00C04F79EFBC}") = "CuentaMovimientoService.UnitTests", "tests\CuentaMovimientoService.UnitTests\CuentaMovimientoService.UnitTests.csproj", "{F66A9221-179E-45F2-A2E4-E227F8D5A6B5}"
EndProject
Project("{FAE04EC0-301F-11D3-BF4B-00C04F79EFBC}") = "CuentaMovimientoService.IntegrationTests", "tests\CuentaMovimientoService.IntegrationTests\CuentaMovimientoService.IntegrationTests.csproj", "{43A5F32D-250D-4E4F-A647-C9CA94480585}"
EndProject
Project("{FAE04EC0-301F-11D3-BF4B-00C04F79EFBC}") = "ArchitectureTests", "tests\ArchitectureTests\ArchitectureTests.csproj", "{157A07D8-4005-4263-9D6D-75656B1F059E}"
EndProject
Project("{2150E333-8FDC-42A3-9474-1A3956D46DE8}") = "Shared", "Shared", "{C8E42992-5E42-0C2B-DBFE-AA848D06431C}"
EndProject
Project("{FAE04EC0-301F-11D3-BF4B-00C04F79EFBC}") = "Devsu.Contracts", "src\Shared\Devsu.Contracts\Devsu.Contracts.csproj", "{91A97FEE-37C1-458A-BE3C-E3AFC6777296}"
EndProject
Project("{FAE04EC0-301F-11D3-BF4B-00C04F79EFBC}") = "Devsu.Banking.ServiceDefaults", "src\Shared\Devsu.Banking.ServiceDefaults\Devsu.Banking.ServiceDefaults.csproj", "{090C38CF-3154-47E2-8394-BA0E34CC6CD3}"
EndProject
Global
	GlobalSection(SolutionConfigurationPlatforms) = preSolution
		Debug|Any CPU = Debug|Any CPU
		Debug|x64 = Debug|x64
		Debug|x86 = Debug|x86
		Release|Any CPU = Release|Any CPU
		Release|x64 = Release|x64
		Release|x86 = Release|x86
	EndGlobalSection
	GlobalSection(ProjectConfigurationPlatforms) = postSolution
		{E9AA78FF-1383-4DA2-B5E7-773AC470A004}.Debug|Any CPU.ActiveCfg = Debug|Any CPU
		{E9AA78FF-1383-4DA2-B5E7-773AC470A004}.Debug|Any CPU.Build.0 = Debug|Any CPU
		{E9AA78FF-1383-4DA2-B5E7-773AC470A004}.Debug|x64.ActiveCfg = Debug|Any CPU
		{E9AA78FF-1383-4DA2-B5E7-773AC470A004}.Debug|x64.Build.0 = Debug|Any CPU
		{E9AA78FF-1383-4DA2-B5E7-773AC470A004}.Debug|x86.ActiveCfg = Debug|Any CPU
		{E9AA78FF-1383-4DA2-B5E7-773AC470A004}.Debug|x86.Build.0 = Debug|Any CPU
		{E9AA78FF-1383-4DA2-B5E7-773AC470A004}.Release|Any CPU.ActiveCfg = Release|Any CPU
		{E9AA78FF-1383-4DA2-B5E7-773AC470A004}.Release|Any CPU.Build.0 = Release|Any CPU
		{E9AA78FF-1383-4DA2-B5E7-773AC470A004}.Release|x64.ActiveCfg = Release|Any CPU
		{E9AA78FF-1383-4DA2-B5E7-773AC470A004}.Release|x64.Build.0 = Release|Any CPU
		{E9AA78FF-1383-4DA2-B5E7-773AC470A004}.Release|x86.ActiveCfg = Release|Any CPU
		{E9AA78FF-1383-4DA2-B5E7-773AC470A004}.Release|x86.Build.0 = Release|Any CPU
		{E56A36C3-050D-4AF9-B606-CD971BA27BD8}.Debug|Any CPU.ActiveCfg = Debug|Any CPU
		{E56A36C3-050D-4AF9-B606-CD971BA27BD8}.Debug|Any CPU.Build.0 = Debug|Any CPU
		{E56A36C3-050D-4AF9-B606-CD971BA27BD8}.Debug|x64.ActiveCfg = Debug|Any CPU
		{E56A36C3-050D-4AF9-B606-CD971BA27BD8}.Debug|x64.Build.0 = Debug|Any CPU
		{E56A36C3-050D-4AF9-B606-CD971BA27BD8}.Debug|x86.ActiveCfg = Debug|Any CPU
		{E56A36C3-050D-4AF9-B606-CD971BA27BD8}.Debug|x86.Build.0 = Debug|Any CPU
		{E56A36C3-050D-4AF9-B606-CD971BA27BD8}.Release|Any CPU.ActiveCfg = Release|Any CPU
		{E56A36C3-050D-4AF9-B606-CD971BA27BD8}.Release|Any CPU.Build.0 = Release|Any CPU
		{E56A36C3-050D-4AF9-B606-CD971BA27BD8}.Release|x64.ActiveCfg = Release|Any CPU
		{E56A36C3-050D-4AF9-B606-CD971BA27BD8}.Release|x64.Build.0 = Release|Any CPU
		{E56A36C3-050D-4AF9-B606-CD971BA27BD8}.Release|x86.ActiveCfg = Release|Any CPU
		{E56A36C3-050D-4AF9-B606-CD971BA27BD8}.Release|x86.Build.0 = Release|Any CPU
		{1EF8DE9F-6ED5-40A0-8ACC-AC78257DE6FF}.Debug|Any CPU.ActiveCfg = Debug|Any CPU
		{1EF8DE9F-6ED5-40A0-8ACC-AC78257DE6FF}.Debug|Any CPU.Build.0 = Debug|Any CPU
		{1EF8DE9F-6ED5-40A0-8ACC-AC78257DE6FF}.Debug|x64.ActiveCfg = Debug|Any CPU
		{1EF8DE9F-6ED5-40A0-8ACC-AC78257DE6FF}.Debug|x64.Build.0 = Debug|Any CPU
		{1EF8DE9F-6ED5-40A0-8ACC-AC78257DE6FF}.Debug|x86.ActiveCfg = Debug|Any CPU
		{1EF8DE9F-6ED5-40A0-8ACC-AC78257DE6FF}.Debug|x86.Build.0 = Debug|Any CPU
		{1EF8DE9F-6ED5-40A0-8ACC-AC78257DE6FF}.Release|Any CPU.ActiveCfg = Release|Any CPU
		{1EF8DE9F-6ED5-40A0-8ACC-AC78257DE6FF}.Release|Any CPU.Build.0 = Release|Any CPU
		{1EF8DE9F-6ED5-40A0-8ACC-AC78257DE6FF}.Release|x64.ActiveCfg = Release|Any CPU
		{1EF8DE9F-6ED5-40A0-8ACC-AC78257DE6FF}.Release|x64.Build.0 = Release|Any CPU
		{1EF8DE9F-6ED5-40A0-8ACC-AC78257DE6FF}.Release|x86.ActiveCfg = Release|Any CPU
		{1EF8DE9F-6ED5-40A0-8ACC-AC78257DE6FF}.Release|x86.Build.0 = Release|Any CPU
		{0E3C747C-FAB6-4172-8430-EF63887985D0}.Debug|Any CPU.ActiveCfg = Debug|Any CPU
		{0E3C747C-FAB6-4172-8430-EF63887985D0}.Debug|Any CPU.Build.0 = Debug|Any CPU
		{0E3C747C-FAB6-4172-8430-EF63887985D0}.Debug|x64.ActiveCfg = Debug|Any CPU
		{0E3C747C-FAB6-4172-8430-EF63887985D0}.Debug|x64.Build.0 = Debug|Any CPU
		{0E3C747C-FAB6-4172-8430-EF63887985D0}.Debug|x86.ActiveCfg = Debug|Any CPU
		{0E3C747C-FAB6-4172-8430-EF63887985D0}.Debug|x86.Build.0 = Debug|Any CPU
		{0E3C747C-FAB6-4172-8430-EF63887985D0}.Release|Any CPU.ActiveCfg = Release|Any CPU
		{0E3C747C-FAB6-4172-8430-EF63887985D0}.Release|Any CPU.Build.0 = Release|Any CPU
		{0E3C747C-FAB6-4172-8430-EF63887985D0}.Release|x64.ActiveCfg = Release|Any CPU
		{0E3C747C-FAB6-4172-8430-EF63887985D0}.Release|x64.Build.0 = Release|Any CPU
		{0E3C747C-FAB6-4172-8430-EF63887985D0}.Release|x86.ActiveCfg = Release|Any CPU
		{0E3C747C-FAB6-4172-8430-EF63887985D0}.Release|x86.Build.0 = Release|Any CPU
		{42294D5C-80E8-4084-8DA7-733E521CCBA6}.Debug|Any CPU.ActiveCfg = Debug|Any CPU
		{42294D5C-80E8-4084-8DA7-733E521CCBA6}.Debug|Any CPU.Build.0 = Debug|Any CPU
		{42294D5C-80E8-4084-8DA7-733E521CCBA6}.Debug|x64.ActiveCfg = Debug|Any CPU
		{42294D5C-80E8-4084-8DA7-733E521CCBA6}.Debug|x64.Build.0 = Debug|Any CPU
		{42294D5C-80E8-4084-8DA7-733E521CCBA6}.Debug|x86.ActiveCfg = Debug|Any CPU
		{42294D5C-80E8-4084-8DA7-733E521CCBA6}.Debug|x86.Build.0 = Debug|Any CPU
		{42294D5C-80E8-4084-8DA7-733E521CCBA6}.Release|Any CPU.ActiveCfg = Release|Any CPU
		{42294D5C-80E8-4084-8DA7-733E521CCBA6}.Release|Any CPU.Build.0 = Release|Any CPU
		{42294D5C-80E8-4084-8DA7-733E521CCBA6}.Release|x64.ActiveCfg = Release|Any CPU
		{42294D5C-80E8-4084-8DA7-733E521CCBA6}.Release|x64.Build.0 = Release|Any CPU
		{42294D5C-80E8-4084-8DA7-733E521CCBA6}.Release|x86.ActiveCfg = Release|Any CPU
		{42294D5C-80E8-4084-8DA7-733E521CCBA6}.Release|x86.Build.0 = Release|Any CPU
		{C29B5591-0CA4-444A-97B1-E0005694953F}.Debug|Any CPU.ActiveCfg = Debug|Any CPU
		{C29B5591-0CA4-444A-97B1-E0005694953F}.Debug|Any CPU.Build.0 = Debug|Any CPU
		{C29B5591-0CA4-444A-97B1-E0005694953F}.Debug|x64.ActiveCfg = Debug|Any CPU
		{C29B5591-0CA4-444A-97B1-E0005694953F}.Debug|x64.Build.0 = Debug|Any CPU
		{C29B5591-0CA4-444A-97B1-E0005694953F}.Debug|x86.ActiveCfg = Debug|Any CPU
		{C29B5591-0CA4-444A-97B1-E0005694953F}.Debug|x86.Build.0 = Debug|Any CPU
		{C29B5591-0CA4-444A-97B1-E0005694953F}.Release|Any CPU.ActiveCfg = Release|Any CPU
		{C29B5591-0CA4-444A-97B1-E0005694953F}.Release|Any CPU.Build.0 = Release|Any CPU
		{C29B5591-0CA4-444A-97B1-E0005694953F}.Release|x64.ActiveCfg = Release|Any CPU
		{C29B5591-0CA4-444A-97B1-E0005694953F}.Release|x64.Build.0 = Release|Any CPU
		{C29B5591-0CA4-444A-97B1-E0005694953F}.Release|x86.ActiveCfg = Release|Any CPU
		{C29B5591-0CA4-444A-97B1-E0005694953F}.Release|x86.Build.0 = Release|Any CPU
		{E10A6F9C-0F74-4A59-BCBF-E40A6BB8D91C}.Debug|Any CPU.ActiveCfg = Debug|Any CPU
		{E10A6F9C-0F74-4A59-BCBF-E40A6BB8D91C}.Debug|Any CPU.Build.0 = Debug|Any CPU
		{E10A6F9C-0F74-4A59-BCBF-E40A6BB8D91C}.Debug|x64.ActiveCfg = Debug|Any CPU
		{E10A6F9C-0F74-4A59-BCBF-E40A6BB8D91C}.Debug|x64.Build.0 = Debug|Any CPU
		{E10A6F9C-0F74-4A59-BCBF-E40A6BB8D91C}.Debug|x86.ActiveCfg = Debug|Any CPU
		{E10A6F9C-0F74-4A59-BCBF-E40A6BB8D91C}.Debug|x86.Build.0 = Debug|Any CPU
		{E10A6F9C-0F74-4A59-BCBF-E40A6BB8D91C}.Release|Any CPU.ActiveCfg = Release|Any CPU
		{E10A6F9C-0F74-4A59-BCBF-E40A6BB8D91C}.Release|Any CPU.Build.0 = Release|Any CPU
		{E10A6F9C-0F74-4A59-BCBF-E40A6BB8D91C}.Release|x64.ActiveCfg = Release|Any CPU
		{E10A6F9C-0F74-4A59-BCBF-E40A6BB8D91C}.Release|x64.Build.0 = Release|Any CPU
		{E10A6F9C-0F74-4A59-BCBF-E40A6BB8D91C}.Release|x86.ActiveCfg = Release|Any CPU
		{E10A6F9C-0F74-4A59-BCBF-E40A6BB8D91C}.Release|x86.Build.0 = Release|Any CPU
		{5D5A2781-7477-4821-8FF9-226A46BD84F4}.Debug|Any CPU.ActiveCfg = Debug|Any CPU
		{5D5A2781-7477-4821-8FF9-226A46BD84F4}.Debug|Any CPU.Build.0 = Debug|Any CPU
		{5D5A2781-7477-4821-8FF9-226A46BD84F4}.Debug|x64.ActiveCfg = Debug|Any CPU
		{5D5A2781-7477-4821-8FF9-226A46BD84F4}.Debug|x64.Build.0 = Debug|Any CPU
		{5D5A2781-7477-4821-8FF9-226A46BD84F4}.Debug|x86.ActiveCfg = Debug|Any CPU
		{5D5A2781-7477-4821-8FF9-226A46BD84F4}.Debug|x86.Build.0 = Debug|Any CPU
		{5D5A2781-7477-4821-8FF9-226A46BD84F4}.Release|Any CPU.ActiveCfg = Release|Any CPU
		{5D5A2781-7477-4821-8FF9-226A46BD84F4}.Release|Any CPU.Build.0 = Release|Any CPU
		{5D5A2781-7477-4821-8FF9-226A46BD84F4}.Release|x64.ActiveCfg = Release|Any CPU
		{5D5A2781-7477-4821-8FF9-226A46BD84F4}.Release|x64.Build.0 = Release|Any CPU
		{5D5A2781-7477-4821-8FF9-226A46BD84F4}.Release|x86.ActiveCfg = Release|Any CPU
		{5D5A2781-7477-4821-8FF9-226A46BD84F4}.Release|x86.Build.0 = Release|Any CPU
		{9886DDC0-4CF4-4873-A854-32FAA717CA34}.Debug|Any CPU.ActiveCfg = Debug|Any CPU
		{9886DDC0-4CF4-4873-A854-32FAA717CA34}.Debug|Any CPU.Build.0 = Debug|Any CPU
		{9886DDC0-4CF4-4873-A854-32FAA717CA34}.Debug|x64.ActiveCfg = Debug|Any CPU
		{9886DDC0-4CF4-4873-A854-32FAA717CA34}.Debug|x64.Build.0 = Debug|Any CPU
		{9886DDC0-4CF4-4873-A854-32FAA717CA34}.Debug|x86.ActiveCfg = Debug|Any CPU
		{9886DDC0-4CF4-4873-A854-32FAA717CA34}.Debug|x86.Build.0 = Debug|Any CPU
		{9886DDC0-4CF4-4873-A854-32FAA717CA34}.Release|Any CPU.ActiveCfg = Release|Any CPU
		{9886DDC0-4CF4-4873-A854-32FAA717CA34}.Release|Any CPU.Build.0 = Release|Any CPU
		{9886DDC0-4CF4-4873-A854-32FAA717CA34}.Release|x64.ActiveCfg = Release|Any CPU
		{9886DDC0-4CF4-4873-A854-32FAA717CA34}.Release|x64.Build.0 = Release|Any CPU
		{9886DDC0-4CF4-4873-A854-32FAA717CA34}.Release|x86.ActiveCfg = Release|Any CPU
		{9886DDC0-4CF4-4873-A854-32FAA717CA34}.Release|x86.Build.0 = Release|Any CPU
		{F66A9221-179E-45F2-A2E4-E227F8D5A6B5}.Debug|Any CPU.ActiveCfg = Debug|Any CPU
		{F66A9221-179E-45F2-A2E4-E227F8D5A6B5}.Debug|Any CPU.Build.0 = Debug|Any CPU
		{F66A9221-179E-45F2-A2E4-E227F8D5A6B5}.Debug|x64.ActiveCfg = Debug|Any CPU
		{F66A9221-179E-45F2-A2E4-E227F8D5A6B5}.Debug|x64.Build.0 = Debug|Any CPU
		{F66A9221-179E-45F2-A2E4-E227F8D5A6B5}.Debug|x86.ActiveCfg = Debug|Any CPU
		{F66A9221-179E-45F2-A2E4-E227F8D5A6B5}.Debug|x86.Build.0 = Debug|Any CPU
		{F66A9221-179E-45F2-A2E4-E227F8D5A6B5}.Release|Any CPU.ActiveCfg = Release|Any CPU
		{F66A9221-179E-45F2-A2E4-E227F8D5A6B5}.Release|Any CPU.Build.0 = Release|Any CPU
		{F66A9221-179E-45F2-A2E4-E227F8D5A6B5}.Release|x64.ActiveCfg = Release|Any CPU
		{F66A9221-179E-45F2-A2E4-E227F8D5A6B5}.Release|x64.Build.0 = Release|Any CPU
		{F66A9221-179E-45F2-A2E4-E227F8D5A6B5}.Release|x86.ActiveCfg = Release|Any CPU
		{F66A9221-179E-45F2-A2E4-E227F8D5A6B5}.Release|x86.Build.0 = Release|Any CPU
		{43A5F32D-250D-4E4F-A647-C9CA94480585}.Debug|Any CPU.ActiveCfg = Debug|Any CPU
		{43A5F32D-250D-4E4F-A647-C9CA94480585}.Debug|Any CPU.Build.0 = Debug|Any CPU
		{43A5F32D-250D-4E4F-A647-C9CA94480585}.Debug|x64.ActiveCfg = Debug|Any CPU
		{43A5F32D-250D-4E4F-A647-C9CA94480585}.Debug|x64.Build.0 = Debug|Any CPU
		{43A5F32D-250D-4E4F-A647-C9CA94480585}.Debug|x86.ActiveCfg = Debug|Any CPU
		{43A5F32D-250D-4E4F-A647-C9CA94480585}.Debug|x86.Build.0 = Debug|Any CPU
		{43A5F32D-250D-4E4F-A647-C9CA94480585}.Release|Any CPU.ActiveCfg = Release|Any CPU
		{43A5F32D-250D-4E4F-A647-C9CA94480585}.Release|Any CPU.Build.0 = Release|Any CPU
		{43A5F32D-250D-4E4F-A647-C9CA94480585}.Release|x64.ActiveCfg = Release|Any CPU
		{43A5F32D-250D-4E4F-A647-C9CA94480585}.Release|x64.Build.0 = Release|Any CPU
		{43A5F32D-250D-4E4F-A647-C9CA94480585}.Release|x86.ActiveCfg = Release|Any CPU
		{43A5F32D-250D-4E4F-A647-C9CA94480585}.Release|x86.Build.0 = Release|Any CPU
		{157A07D8-4005-4263-9D6D-75656B1F059E}.Debug|Any CPU.ActiveCfg = Debug|Any CPU
		{157A07D8-4005-4263-9D6D-75656B1F059E}.Debug|Any CPU.Build.0 = Debug|Any CPU
		{157A07D8-4005-4263-9D6D-75656B1F059E}.Debug|x64.ActiveCfg = Debug|Any CPU
		{157A07D8-4005-4263-9D6D-75656B1F059E}.Debug|x64.Build.0 = Debug|Any CPU
		{157A07D8-4005-4263-9D6D-75656B1F059E}.Debug|x86.ActiveCfg = Debug|Any CPU
		{157A07D8-4005-4263-9D6D-75656B1F059E}.Debug|x86.Build.0 = Debug|Any CPU
		{157A07D8-4005-4263-9D6D-75656B1F059E}.Release|Any CPU.ActiveCfg = Release|Any CPU
		{157A07D8-4005-4263-9D6D-75656B1F059E}.Release|Any CPU.Build.0 = Release|Any CPU
		{157A07D8-4005-4263-9D6D-75656B1F059E}.Release|x64.ActiveCfg = Release|Any CPU
		{157A07D8-4005-4263-9D6D-75656B1F059E}.Release|x64.Build.0 = Release|Any CPU
		{157A07D8-4005-4263-9D6D-75656B1F059E}.Release|x86.ActiveCfg = Release|Any CPU
		{157A07D8-4005-4263-9D6D-75656B1F059E}.Release|x86.Build.0 = Release|Any CPU
		{91A97FEE-37C1-458A-BE3C-E3AFC6777296}.Debug|Any CPU.ActiveCfg = Debug|Any CPU
		{91A97FEE-37C1-458A-BE3C-E3AFC6777296}.Debug|Any CPU.Build.0 = Debug|Any CPU
		{91A97FEE-37C1-458A-BE3C-E3AFC6777296}.Debug|x64.ActiveCfg = Debug|Any CPU
		{91A97FEE-37C1-458A-BE3C-E3AFC6777296}.Debug|x64.Build.0 = Debug|Any CPU
		{91A97FEE-37C1-458A-BE3C-E3AFC6777296}.Debug|x86.ActiveCfg = Debug|Any CPU
		{91A97FEE-37C1-458A-BE3C-E3AFC6777296}.Debug|x86.Build.0 = Debug|Any CPU
		{91A97FEE-37C1-458A-BE3C-E3AFC6777296}.Release|Any CPU.ActiveCfg = Release|Any CPU
		{91A97FEE-37C1-458A-BE3C-E3AFC6777296}.Release|Any CPU.Build.0 = Release|Any CPU
		{91A97FEE-37C1-458A-BE3C-E3AFC6777296}.Release|x64.ActiveCfg = Release|Any CPU
		{91A97FEE-37C1-458A-BE3C-E3AFC6777296}.Release|x64.Build.0 = Release|Any CPU
		{91A97FEE-37C1-458A-BE3C-E3AFC6777296}.Release|x86.ActiveCfg = Release|Any CPU
		{91A97FEE-37C1-458A-BE3C-E3AFC6777296}.Release|x86.Build.0 = Release|Any CPU
		{090C38CF-3154-47E2-8394-BA0E34CC6CD3}.Debug|Any CPU.ActiveCfg = Debug|Any CPU
		{090C38CF-3154-47E2-8394-BA0E34CC6CD3}.Debug|Any CPU.Build.0 = Debug|Any CPU
		{090C38CF-3154-47E2-8394-BA0E34CC6CD3}.Debug|x64.ActiveCfg = Debug|Any CPU
		{090C38CF-3154-47E2-8394-BA0E34CC6CD3}.Debug|x64.Build.0 = Debug|Any CPU
		{090C38CF-3154-47E2-8394-BA0E34CC6CD3}.Debug|x86.ActiveCfg = Debug|Any CPU
		{090C38CF-3154-47E2-8394-BA0E34CC6CD3}.Debug|x86.Build.0 = Debug|Any CPU
		{090C38CF-3154-47E2-8394-BA0E34CC6CD3}.Release|Any CPU.ActiveCfg = Release|Any CPU
		{090C38CF-3154-47E2-8394-BA0E34CC6CD3}.Release|Any CPU.Build.0 = Release|Any CPU
		{090C38CF-3154-47E2-8394-BA0E34CC6CD3}.Release|x64.ActiveCfg = Release|Any CPU
		{090C38CF-3154-47E2-8394-BA0E34CC6CD3}.Release|x64.Build.0 = Release|Any CPU
		{090C38CF-3154-47E2-8394-BA0E34CC6CD3}.Release|x86.ActiveCfg = Release|Any CPU
		{090C38CF-3154-47E2-8394-BA0E34CC6CD3}.Release|x86.Build.0 = Release|Any CPU
	EndGlobalSection
	GlobalSection(SolutionProperties) = preSolution
		HideSolutionNode = FALSE
	EndGlobalSection
	GlobalSection(NestedProjects) = preSolution
		{188731C3-E882-EC26-0029-2E4E9EDE3E85} = {827E0CD3-B72D-47B6-A68D-7590B98EB39B}
		{E9AA78FF-1383-4DA2-B5E7-773AC470A004} = {188731C3-E882-EC26-0029-2E4E9EDE3E85}
		{E56A36C3-050D-4AF9-B606-CD971BA27BD8} = {188731C3-E882-EC26-0029-2E4E9EDE3E85}
		{1EF8DE9F-6ED5-40A0-8ACC-AC78257DE6FF} = {188731C3-E882-EC26-0029-2E4E9EDE3E85}
		{0E3C747C-FAB6-4172-8430-EF63887985D0} = {188731C3-E882-EC26-0029-2E4E9EDE3E85}
		{42294D5C-80E8-4084-8DA7-733E521CCBA6} = {188731C3-E882-EC26-0029-2E4E9EDE3E85}
		{C29B5591-0CA4-444A-97B1-E0005694953F} = {188731C3-E882-EC26-0029-2E4E9EDE3E85}
		{E10A6F9C-0F74-4A59-BCBF-E40A6BB8D91C} = {188731C3-E882-EC26-0029-2E4E9EDE3E85}
		{5D5A2781-7477-4821-8FF9-226A46BD84F4} = {188731C3-E882-EC26-0029-2E4E9EDE3E85}
		{9886DDC0-4CF4-4873-A854-32FAA717CA34} = {0AB3BF05-4346-4AA6-1389-037BE0695223}
		{F66A9221-179E-45F2-A2E4-E227F8D5A6B5} = {0AB3BF05-4346-4AA6-1389-037BE0695223}
		{43A5F32D-250D-4E4F-A647-C9CA94480585} = {0AB3BF05-4346-4AA6-1389-037BE0695223}
		{157A07D8-4005-4263-9D6D-75656B1F059E} = {0AB3BF05-4346-4AA6-1389-037BE0695223}
		{C8E42992-5E42-0C2B-DBFE-AA848D06431C} = {827E0CD3-B72D-47B6-A68D-7590B98EB39B}
		{91A97FEE-37C1-458A-BE3C-E3AFC6777296} = {C8E42992-5E42-0C2B-DBFE-AA848D06431C}
		{090C38CF-3154-47E2-8394-BA0E34CC6CD3} = {C8E42992-5E42-0C2B-DBFE-AA848D06431C}
	EndGlobalSection
EndGlobal
